
Microsoft Visual Studio Solution File, Format Version 12.00
# Visual Studio Version 16
VisualStudioVersion = 16.0.30503.244
MinimumVisualStudioVersion = 10.0.40219.1
Project("{FAE04EC0-301F-11D3-BF4B-00C04F79EFBC}") = "ConsoleApp3", "ConsoleApp3\ConsoleApp3.csproj", "{AAF73D71-1416-45A0-828F-3B5500548201}"
EndProject
Global
	GlobalSection(SolutionConfigurationPlatforms) = preSolution
		Debug|Any CPU = Debug|Any CPU
		Release|Any CPU = Release|Any CPU
	EndGlobalSection
	GlobalSection(ProjectConfigurationPlatforms) = postSolution
		{AAF73D71-1416-45A0-828F-3B5500548201}.Debug|Any CPU.ActiveCfg = Debug|Any CPU
		{AAF73D71-1416-45A0-828F-3B5500548201}.Debug|Any CPU.Build.0 = Debug|Any CPU
		{AAF73D71-1416-45A0-828F-3B5500548201}.Release|Any CPU.ActiveCfg = Release|Any CPU
		{AAF73D71-1416-45A0-828F-3B5500548201}.Release|Any CPU.Build.0 = Release|Any CPU
	EndGlobalSection
	GlobalSection(SolutionProperties) = preSolution
		HideSolutionNode = FALSE
	EndGlobalSection
	GlobalSection(ExtensibilityGlobals) = postSolution
		SolutionGuid = {8A1FA799-4DEA-4E70-83D4-49F8699A468F}
	EndGlobalSection
EndGlobal
