
Microsoft Visual Studio Solution File, Format Version 12.00
# Visual Studio Version 16
VisualStudioVersion = 16.0.30225.117
MinimumVisualStudioVersion = 10.0.40219.1
Project("{FAE04EC0-301F-11D3-BF4B-00C04F79EFBC}") = "Lab3", "Lab3\Lab3.csproj", "{02FDBD19-CEBD-4C10-9DCB-082236AEF337}"
EndProject
Global
	GlobalSection(SolutionConfigurationPlatforms) = preSolution
		Debug|Any CPU = Debug|Any CPU
		Release|Any CPU = Release|Any CPU
	EndGlobalSection
	GlobalSection(ProjectConfigurationPlatforms) = postSolution
		{02FDBD19-CEBD-4C10-9DCB-082236AEF337}.Debug|Any CPU.ActiveCfg = Debug|Any CPU
		{02FDBD19-CEBD-4C10-9DCB-082236AEF337}.Debug|Any CPU.Build.0 = Debug|Any CPU
		{02FDBD19-CEBD-4C10-9DCB-082236AEF337}.Release|Any CPU.ActiveCfg = Release|Any CPU
		{02FDBD19-CEBD-4C10-9DCB-082236AEF337}.Release|Any CPU.Build.0 = Release|Any CPU
	EndGlobalSection
	GlobalSection(SolutionProperties) = preSolution
		HideSolutionNode = FALSE
	EndGlobalSection
	GlobalSection(ExtensibilityGlobals) = postSolution
		SolutionGuid = {804A41CB-F20D-410D-8263-E2578CF756A6}
	EndGlobalSection
EndGlobal
